
Microsoft Visual Studio Solution File, Format Version 11.00
# Visual Studio 2010
Project("{FAE04EC0-301F-11D3-BF4B-00C04F79EFBC}") = "megaremake", "Assembly-CSharp.csproj", "{3EFE3470-73F6-6E04-C8DC-ACDE8D40A93A}"
EndProject
Project("{FAE04EC0-301F-11D3-BF4B-00C04F79EFBC}") = "megaremake", "Assembly-CSharp-firstpass.csproj", "{9986161B-6218-01ED-0CE5-576CA2E1EA20}"
EndProject
Project("{FAE04EC0-301F-11D3-BF4B-00C04F79EFBC}") = "megaremake", "Assembly-CSharp-Editor-firstpass.csproj", "{5381CC83-C836-1914-0C63-1CDDBCC9B613}"
EndProject
Global
	GlobalSection(SolutionConfigurationPlatforms) = preSolution
		Debug|Any CPU = Debug|Any CPU
		Release|Any CPU = Release|Any CPU
	EndGlobalSection
	GlobalSection(ProjectConfigurationPlatforms) = postSolution
		{3EFE3470-73F6-6E04-C8DC-ACDE8D40A93A}.Debug|Any CPU.ActiveCfg = Debug|Any CPU
		{3EFE3470-73F6-6E04-C8DC-ACDE8D40A93A}.Debug|Any CPU.Build.0 = Debug|Any CPU
		{3EFE3470-73F6-6E04-C8DC-ACDE8D40A93A}.Release|Any CPU.ActiveCfg = Release|Any CPU
		{3EFE3470-73F6-6E04-C8DC-ACDE8D40A93A}.Release|Any CPU.Build.0 = Release|Any CPU
		{9986161B-6218-01ED-0CE5-576CA2E1EA20}.Debug|Any CPU.ActiveCfg = Debug|Any CPU
		{9986161B-6218-01ED-0CE5-576CA2E1EA20}.Debug|Any CPU.Build.0 = Debug|Any CPU
		{9986161B-6218-01ED-0CE5-576CA2E1EA20}.Release|Any CPU.ActiveCfg = Release|Any CPU
		{9986161B-6218-01ED-0CE5-576CA2E1EA20}.Release|Any CPU.Build.0 = Release|Any CPU
		{5381CC83-C836-1914-0C63-1CDDBCC9B613}.Debug|Any CPU.ActiveCfg = Debug|Any CPU
		{5381CC83-C836-1914-0C63-1CDDBCC9B613}.Debug|Any CPU.Build.0 = Debug|Any CPU
		{5381CC83-C836-1914-0C63-1CDDBCC9B613}.Release|Any CPU.ActiveCfg = Release|Any CPU
		{5381CC83-C836-1914-0C63-1CDDBCC9B613}.Release|Any CPU.Build.0 = Release|Any CPU
	EndGlobalSection
	GlobalSection(SolutionProperties) = preSolution
		HideSolutionNode = FALSE
	EndGlobalSection
	GlobalSection(MonoDevelopProperties) = preSolution
		StartupItem = Assembly-CSharp.csproj
	EndGlobalSection
EndGlobal
